
Microsoft Visual Studio Solution File, Format Version 12.00
# Visual Studio Version 17
VisualStudioVersion = 17.0.32014.148
MinimumVisualStudioVersion = 10.0.40219.1
Project("{FAE04EC0-301F-11D3-BF4B-00C04F79EFBC}") = "YTDownloader", "YTDownloader\YTDownloader.csproj", "{8D922A31-0D20-4FFF-BA98-311261CE2FBD}"
EndProject
Global
	GlobalSection(SolutionConfigurationPlatforms) = preSolution
		Debug|Any CPU = Debug|Any CPU
		Release|Any CPU = Release|Any CPU
	EndGlobalSection
	GlobalSection(ProjectConfigurationPlatforms) = postSolution
		{8D922A31-0D20-4FFF-BA98-311261CE2FBD}.Debug|Any CPU.ActiveCfg = Debug|Any CPU
		{8D922A31-0D20-4FFF-BA98-311261CE2FBD}.Debug|Any CPU.Build.0 = Debug|Any CPU
		{8D922A31-0D20-4FFF-BA98-311261CE2FBD}.Release|Any CPU.ActiveCfg = Release|Any CPU
		{8D922A31-0D20-4FFF-BA98-311261CE2FBD}.Release|Any CPU.Build.0 = Release|Any CPU
	EndGlobalSection
	GlobalSection(SolutionProperties) = preSolution
		HideSolutionNode = FALSE
	EndGlobalSection
	GlobalSection(ExtensibilityGlobals) = postSolution
		SolutionGuid = {9D66EEAE-0795-4D77-BA46-90C2577382EC}
	EndGlobalSection
EndGlobal
